---
lockVersion: 1.0.0
dependencies:
  codeql/java-all:
    version: 0.7.1
  codeql/java-queries:
    version: 0.7.1
  codeql/mad:
    version: 0.1.1
  codeql/regex:
    version: 0.1.1
  codeql/suite-helpers:
    version: 0.6.1
  codeql/tutorial:
    version: 0.1.1
  codeql/typetracking:
    version: 0.1.1
  codeql/util:
    version: 0.1.1
compiled: false
